
Microsoft Visual Studio Solution File, Format Version 12.00
# Visual Studio Version 17
VisualStudioVersion = 17.13.35825.156 d17.13
MinimumVisualStudioVersion = 10.0.40219.1
Project("{FAE04EC0-301F-11D3-BF4B-00C04F79EFBC}") = "ScePhotoViewer", "ScePhotoViewer\ScePhotoViewer.csproj", "{77308CBC-E2FF-4224-B115-FD28D80B3B38}"
EndProject
Project("{FAE04EC0-301F-11D3-BF4B-00C04F79EFBC}") = "ScePhoto", "ScePhoto\ScePhoto.csproj", "{55F81C68-4618-4E16-8CB1-759A406E293A}"
EndProject
Project("{FAE04EC0-301F-11D3-BF4B-00C04F79EFBC}") = "EffectLibrary", "EffectLibrary\EffectLibrary.csproj", "{66271E3C-0725-4B49-B62B-910562AF4954}"
EndProject
Project("{FAE04EC0-301F-11D3-BF4B-00C04F79EFBC}") = "TransitionEffects", "TransitionEffects\TransitionEffects.csproj", "{C044C5A8-5694-4311-AB9B-FE1E122AEFE2}"
EndProject
Global
	GlobalSection(SolutionConfigurationPlatforms) = preSolution
		Debug|Any CPU = Debug|Any CPU
		Release|Any CPU = Release|Any CPU
	EndGlobalSection
	GlobalSection(ProjectConfigurationPlatforms) = postSolution
		{77308CBC-E2FF-4224-B115-FD28D80B3B38}.Debug|Any CPU.ActiveCfg = Debug|Any CPU
		{77308CBC-E2FF-4224-B115-FD28D80B3B38}.Debug|Any CPU.Build.0 = Debug|Any CPU
		{77308CBC-E2FF-4224-B115-FD28D80B3B38}.Release|Any CPU.ActiveCfg = Release|Any CPU
		{77308CBC-E2FF-4224-B115-FD28D80B3B38}.Release|Any CPU.Build.0 = Release|Any CPU
		{55F81C68-4618-4E16-8CB1-759A406E293A}.Debug|Any CPU.ActiveCfg = Debug|Any CPU
		{55F81C68-4618-4E16-8CB1-759A406E293A}.Debug|Any CPU.Build.0 = Debug|Any CPU
		{55F81C68-4618-4E16-8CB1-759A406E293A}.Release|Any CPU.ActiveCfg = Release|Any CPU
		{55F81C68-4618-4E16-8CB1-759A406E293A}.Release|Any CPU.Build.0 = Release|Any CPU
		{66271E3C-0725-4B49-B62B-910562AF4954}.Debug|Any CPU.ActiveCfg = Debug|Any CPU
		{66271E3C-0725-4B49-B62B-910562AF4954}.Debug|Any CPU.Build.0 = Debug|Any CPU
		{66271E3C-0725-4B49-B62B-910562AF4954}.Release|Any CPU.ActiveCfg = Release|Any CPU
		{66271E3C-0725-4B49-B62B-910562AF4954}.Release|Any CPU.Build.0 = Release|Any CPU
		{C044C5A8-5694-4311-AB9B-FE1E122AEFE2}.Debug|Any CPU.ActiveCfg = Debug|Any CPU
		{C044C5A8-5694-4311-AB9B-FE1E122AEFE2}.Debug|Any CPU.Build.0 = Debug|Any CPU
		{C044C5A8-5694-4311-AB9B-FE1E122AEFE2}.Release|Any CPU.ActiveCfg = Release|Any CPU
		{C044C5A8-5694-4311-AB9B-FE1E122AEFE2}.Release|Any CPU.Build.0 = Release|Any CPU
	EndGlobalSection
	GlobalSection(SolutionProperties) = preSolution
		HideSolutionNode = FALSE
	EndGlobalSection
	GlobalSection(ExtensibilityGlobals) = postSolution
		SolutionGuid = {1FCC295F-9FB4-4BAF-A010-66C243D1DE42}
	EndGlobalSection
EndGlobal
